// !$*UTF8*$!
{
	archiveVersion = 1;
	classes = {
	};
	objectVersion = 46;
	objects = {

/* Begin PBXBuildFile section */
		EDCD03F018FDF4C700F5CA65 /* Foundation.framework in Frameworks */ = {isa = PBXBuildFile; fileRef = EDCD03EF18FDF4C700F5CA65 /* Foundation.framework */; };
		EDCD03F218FDF4C700F5CA65 /* CoreGraphics.framework in Frameworks */ = {isa = PBXBuildFile; fileRef = EDCD03F118FDF4C700F5CA65 /* CoreGraphics.framework */; };
		EDCD03F418FDF4C700F5CA65 /* UIKit.framework in Frameworks */ = {isa = PBXBuildFile; fileRef = EDCD03F318FDF4C700F5CA65 /* UIKit.framework */; };
		EDCD03FA18FDF4C700F5CA65 /* InfoPlist.strings in Resources */ = {isa = PBXBuildFile; fileRef = EDCD03F818FDF4C700F5CA65 /* InfoPlist.strings */; };
		EDCD03FC18FDF4C700F5CA65 /* main.m in Sources */ = {isa = PBXBuildFile; fileRef = EDCD03FB18FDF4C700F5CA65 /* main.m */; };
		EDCD040018FDF4C700F5CA65 /* DF_AppDelegate.m in Sources */ = {isa = PBXBuildFile; fileRef = EDCD03FF18FDF4C700F5CA65 /* DF_AppDelegate.m */; };
		EDCD040318FDF4C700F5CA65 /* Main.storyboard in Resources */ = {isa = PBXBuildFile; fileRef = EDCD040118FDF4C700F5CA65 /* Main.storyboard */; };
		EDCD040618FDF4C700F5CA65 /* DF_ViewController.m in Sources */ = {isa = PBXBuildFile; fileRef = EDCD040518FDF4C700F5CA65 /* DF_ViewController.m */; };
		EDCD040818FDF4C700F5CA65 /* Images.xcassets in Resources */ = {isa = PBXBuildFile; fileRef = EDCD040718FDF4C700F5CA65 /* Images.xcassets */; };
		EDCD040F18FDF4C700F5CA65 /* XCTest.framework in Frameworks */ = {isa = PBXBuildFile; fileRef = EDCD040E18FDF4C700F5CA65 /* XCTest.framework */; };
		EDCD041018FDF4C700F5CA65 /* Foundation.framework in Frameworks */ = {isa = PBXBuildFile; fileRef = EDCD03EF18FDF4C700F5CA65 /* Foundation.framework */; };
		EDCD041118FDF4C700F5CA65 /* UIKit.framework in Frameworks */ = {isa = PBXBuildFile; fileRef = EDCD03F318FDF4C700F5CA65 /* UIKit.framework */; };
		EDCD041918FDF4C700F5CA65 /* InfoPlist.strings in Resources */ = {isa = PBXBuildFile; fileRef = EDCD041718FDF4C700F5CA65 /* InfoPlist.strings */; };
		EDCD041B18FDF4C700F5CA65 /* My_Pirate_AdventureTests.m in Sources */ = {isa = PBXBuildFile; fileRef = EDCD041A18FDF4C700F5CA65 /* My_Pirate_AdventureTests.m */; };
		EDCD042618FDF60300F5CA65 /* DF_Tile.m in Sources */ = {isa = PBXBuildFile; fileRef = EDCD042518FDF60300F5CA65 /* DF_Tile.m */; };
		EDCD042918FDFA1300F5CA65 /* DF_TheFactory.m in Sources */ = {isa = PBXBuildFile; fileRef = EDCD042818FDFA1300F5CA65 /* DF_TheFactory.m */; };
		EDCD042C18FEBBAB00F5CA65 /* DF_Character.m in Sources */ = {isa = PBXBuildFile; fileRef = EDCD042B18FEBBAB00F5CA65 /* DF_Character.m */; };
		EDCD042F18FEBC5800F5CA65 /* DF_Weapon.m in Sources */ = {isa = PBXBuildFile; fileRef = EDCD042E18FEBC5800F5CA65 /* DF_Weapon.m */; };
		EDCD043218FEBCDE00F5CA65 /* DF_Armor.m in Sources */ = {isa = PBXBuildFile; fileRef = EDCD043118FEBCDE00F5CA65 /* DF_Armor.m */; };
		EDCD043F18FEC35700F5CA65 /* PirateAttack.jpg in Resources */ = {isa = PBXBuildFile; fileRef = EDCD043318FEC35700F5CA65 /* PirateAttack.jpg */; };
		EDCD044018FEC35700F5CA65 /* PirateBlacksmith.jpeg in Resources */ = {isa = PBXBuildFile; fileRef = EDCD043418FEC35700F5CA65 /* PirateBlacksmith.jpeg */; };
		EDCD044118FEC35700F5CA65 /* PirateBoss.jpeg in Resources */ = {isa = PBXBuildFile; fileRef = EDCD043518FEC35700F5CA65 /* PirateBoss.jpeg */; };
		EDCD044218FEC35700F5CA65 /* PirateFriendlyDock.jpg in Resources */ = {isa = PBXBuildFile; fileRef = EDCD043618FEC35700F5CA65 /* PirateFriendlyDock.jpg */; };
		EDCD044318FEC35700F5CA65 /* PirateOctopusAttack.jpg in Resources */ = {isa = PBXBuildFile; fileRef = EDCD043718FEC35700F5CA65 /* PirateOctopusAttack.jpg */; };
		EDCD044418FEC35700F5CA65 /* PirateParrot.jpg in Resources */ = {isa = PBXBuildFile; fileRef = EDCD043818FEC35700F5CA65 /* PirateParrot.jpg */; };
		EDCD044518FEC35700F5CA65 /* PiratePlank.jpg in Resources */ = {isa = PBXBuildFile; fileRef = EDCD043918FEC35700F5CA65 /* PiratePlank.jpg */; };
		EDCD044618FEC35700F5CA65 /* PirateShipBattle.jpeg in Resources */ = {isa = PBXBuildFile; fileRef = EDCD043A18FEC35700F5CA65 /* PirateShipBattle.jpeg */; };
		EDCD044718FEC35700F5CA65 /* PirateStart.jpg in Resources */ = {isa = PBXBuildFile; fileRef = EDCD043B18FEC35700F5CA65 /* PirateStart.jpg */; };
		EDCD044818FEC35700F5CA65 /* PirateTreasure.jpeg in Resources */ = {isa = PBXBuildFile; fileRef = EDCD043C18FEC35700F5CA65 /* PirateTreasure.jpeg */; };
		EDCD044918FEC35700F5CA65 /* PirateTreasurer2.jpeg in Resources */ = {isa = PBXBuildFile; fileRef = EDCD043D18FEC35700F5CA65 /* PirateTreasurer2.jpeg */; };
		EDCD044A18FEC35700F5CA65 /* PirateWeapons.jpeg in Resources */ = {isa = PBXBuildFile; fileRef = EDCD043E18FEC35700F5CA65 /* PirateWeapons.jpeg */; };
		EDCD044D18FECF4200F5CA65 /* start-background.png in Resources */ = {isa = PBXBuildFile; fileRef = EDCD044C18FECF4200F5CA65 /* start-background.png */; };
/* End PBXBuildFile section */

/* Begin PBXContainerItemProxy section */
		EDCD041218FDF4C700F5CA65 /* PBXContainerItemProxy */ = {
			isa = PBXContainerItemProxy;
			containerPortal = EDCD03E418FDF4C700F5CA65 /* Project object */;
			proxyType = 1;
			remoteGlobalIDString = EDCD03EB18FDF4C700F5CA65;
			remoteInfo = "My Pirate Adventure";
		};
/* End PBXContainerItemProxy section */

/* Begin PBXFileReference section */
		EDCD03EC18FDF4C700F5CA65 /* My Pirate Adventure.app */ = {isa = PBXFileReference; explicitFileType = wrapper.application; includeInIndex = 0; path = "My Pirate Adventure.app"; sourceTree = BUILT_PRODUCTS_DIR; };
		EDCD03EF18FDF4C700F5CA65 /* Foundation.framework */ = {isa = PBXFileReference; lastKnownFileType = wrapper.framework; name = Foundation.framework; path = System/Library/Frameworks/Foundation.framework; sourceTree = SDKROOT; };
		EDCD03F118FDF4C700F5CA65 /* CoreGraphics.framework */ = {isa = PBXFileReference; lastKnownFileType = wrapper.framework; name = CoreGraphics.framework; path = System/Library/Frameworks/CoreGraphics.framework; sourceTree = SDKROOT; };
		EDCD03F318FDF4C700F5CA65 /* UIKit.framework */ = {isa = PBXFileReference; lastKnownFileType = wrapper.framework; name = UIKit.framework; path = System/Library/Frameworks/UIKit.framework; sourceTree = SDKROOT; };
		EDCD03F718FDF4C700F5CA65 /* My Pirate Adventure-Info.plist */ = {isa = PBXFileReference; lastKnownFileType = text.plist.xml; path = "My Pirate Adventure-Info.plist"; sourceTree = "<group>"; };
		EDCD03F918FDF4C700F5CA65 /* en */ = {isa = PBXFileReference; lastKnownFileType = text.plist.strings; name = en; path = en.lproj/InfoPlist.strings; sourceTree = "<group>"; };
		EDCD03FB18FDF4C700F5CA65 /* main.m */ = {isa = PBXFileReference; lastKnownFileType = sourcecode.c.objc; path = main.m; sourceTree = "<group>"; };
		EDCD03FD18FDF4C700F5CA65 /* My Pirate Adventure-Prefix.pch */ = {isa = PBXFileReference; lastKnownFileType = sourcecode.c.h; path = "My Pirate Adventure-Prefix.pch"; sourceTree = "<group>"; };
		EDCD03FE18FDF4C700F5CA65 /* DF_AppDelegate.h */ = {isa = PBXFileReference; lastKnownFileType = sourcecode.c.h; path = DF_AppDelegate.h; sourceTree = "<group>"; };
		EDCD03FF18FDF4C700F5CA65 /* DF_AppDelegate.m */ = {isa = PBXFileReference; lastKnownFileType = sourcecode.c.objc; path = DF_AppDelegate.m; sourceTree = "<group>"; };
		EDCD040218FDF4C700F5CA65 /* Base */ = {isa = PBXFileReference; lastKnownFileType = file.storyboard; name = Base; path = Base.lproj/Main.storyboard; sourceTree = "<group>"; };
		EDCD040418FDF4C700F5CA65 /* DF_ViewController.h */ = {isa = PBXFileReference; lastKnownFileType = sourcecode.c.h; path = DF_ViewController.h; sourceTree = "<group>"; };
		EDCD040518FDF4C700F5CA65 /* DF_ViewController.m */ = {isa = PBXFileReference; lastKnownFileType = sourcecode.c.objc; path = DF_ViewController.m; sourceTree = "<group>"; };
		EDCD040718FDF4C700F5CA65 /* Images.xcassets */ = {isa = PBXFileReference; lastKnownFileType = folder.assetcatalog; path = Images.xcassets; sourceTree = "<group>"; };
		EDCD040D18FDF4C700F5CA65 /* My Pirate AdventureTests.xctest */ = {isa = PBXFileReference; explicitFileType = wrapper.cfbundle; includeInIndex = 0; path = "My Pirate AdventureTests.xctest"; sourceTree = BUILT_PRODUCTS_DIR; };
		EDCD040E18FDF4C700F5CA65 /* XCTest.framework */ = {isa = PBXFileReference; lastKnownFileType = wrapper.framework; name = XCTest.framework; path = Library/Frameworks/XCTest.framework; sourceTree = DEVELOPER_DIR; };
		EDCD041618FDF4C700F5CA65 /* My Pirate AdventureTests-Info.plist */ = {isa = PBXFileReference; lastKnownFileType = text.plist.xml; path = "My Pirate AdventureTests-Info.plist"; sourceTree = "<group>"; };
		EDCD041818FDF4C700F5CA65 /* en */ = {isa = PBXFileReference; lastKnownFileType = text.plist.strings; name = en; path = en.lproj/InfoPlist.strings; sourceTree = "<group>"; };
		EDCD041A18FDF4C700F5CA65 /* My_Pirate_AdventureTests.m */ = {isa = PBXFileReference; lastKnownFileType = sourcecode.c.objc; path = My_Pirate_AdventureTests.m; sourceTree = "<group>"; };
		EDCD042418FDF60300F5CA65 /* DF_Tile.h */ = {isa = PBXFileReference; fileEncoding = 4; lastKnownFileType = sourcecode.c.h; path = DF_Tile.h; sourceTree = "<group>"; };
		EDCD042518FDF60300F5CA65 /* DF_Tile.m */ = {isa = PBXFileReference; fileEncoding = 4; lastKnownFileType = sourcecode.c.objc; path = DF_Tile.m; sourceTree = "<group>"; };
		EDCD042718FDFA1300F5CA65 /* DF_TheFactory.h */ = {isa = PBXFileReference; fileEncoding = 4; lastKnownFileType = sourcecode.c.h; path = DF_TheFactory.h; sourceTree = "<group>"; };
		EDCD042818FDFA1300F5CA65 /* DF_TheFactory.m */ = {isa = PBXFileReference; fileEncoding = 4; lastKnownFileType = sourcecode.c.objc; path = DF_TheFactory.m; sourceTree = "<group>"; };
		EDCD042A18FEBBAB00F5CA65 /* DF_Character.h */ = {isa = PBXFileReference; fileEncoding = 4; lastKnownFileType = sourcecode.c.h; path = DF_Character.h; sourceTree = "<group>"; };
		EDCD042B18FEBBAB00F5CA65 /* DF_Character.m */ = {isa = PBXFileReference; fileEncoding = 4; lastKnownFileType = sourcecode.c.objc; path = DF_Character.m; sourceTree = "<group>"; };
		EDCD042D18FEBC5800F5CA65 /* DF_Weapon.h */ = {isa = PBXFileReference; fileEncoding = 4; lastKnownFileType = sourcecode.c.h; path = DF_Weapon.h; sourceTree = "<group>"; };
		EDCD042E18FEBC5800F5CA65 /* DF_Weapon.m */ = {isa = PBXFileReference; fileEncoding = 4; lastKnownFileType = sourcecode.c.objc; path = DF_Weapon.m; sourceTree = "<group>"; };
		EDCD043018FEBCDE00F5CA65 /* DF_Armor.h */ = {isa = PBXFileReference; fileEncoding = 4; lastKnownFileType = sourcecode.c.h; path = DF_Armor.h; sourceTree = "<group>"; };
		EDCD043118FEBCDE00F5CA65 /* DF_Armor.m */ = {isa = PBXFileReference; fileEncoding = 4; lastKnownFileType = sourcecode.c.objc; path = DF_Armor.m; sourceTree = "<group>"; };
		EDCD043318FEC35700F5CA65 /* PirateAttack.jpg */ = {isa = PBXFileReference; lastKnownFileType = image.jpeg; path = PirateAttack.jpg; sourceTree = "<group>"; };
		EDCD043418FEC35700F5CA65 /* PirateBlacksmith.jpeg */ = {isa = PBXFileReference; lastKnownFileType = image.jpeg; path = PirateBlacksmith.jpeg; sourceTree = "<group>"; };
		EDCD043518FEC35700F5CA65 /* PirateBoss.jpeg */ = {isa = PBXFileReference; lastKnownFileType = image.jpeg; path = PirateBoss.jpeg; sourceTree = "<group>"; };
		EDCD043618FEC35700F5CA65 /* PirateFriendlyDock.jpg */ = {isa = PBXFileReference; lastKnownFileType = image.jpeg; path = PirateFriendlyDock.jpg; sourceTree = "<group>"; };
		EDCD043718FEC35700F5CA65 /* PirateOctopusAttack.jpg */ = {isa = PBXFileReference; lastKnownFileType = image.jpeg; path = PirateOctopusAttack.jpg; sourceTree = "<group>"; };
		EDCD043818FEC35700F5CA65 /* PirateParrot.jpg */ = {isa = PBXFileReference; lastKnownFileType = image.jpeg; path = PirateParrot.jpg; sourceTree = "<group>"; };
		EDCD043918FEC35700F5CA65 /* PiratePlank.jpg */ = {isa = PBXFileReference; lastKnownFileType = image.jpeg; path = PiratePlank.jpg; sourceTree = "<group>"; };
		EDCD043A18FEC35700F5CA65 /* PirateShipBattle.jpeg */ = {isa = PBXFileReference; lastKnownFileType = image.jpeg; path = PirateShipBattle.jpeg; sourceTree = "<group>"; };
		EDCD043B18FEC35700F5CA65 /* PirateStart.jpg */ = {isa = PBXFileReference; lastKnownFileType = image.jpeg; path = PirateStart.jpg; sourceTree = "<group>"; };
		EDCD043C18FEC35700F5CA65 /* PirateTreasure.jpeg */ = {isa = PBXFileReference; lastKnownFileType = image.jpeg; path = PirateTreasure.jpeg; sourceTree = "<group>"; };
		EDCD043D18FEC35700F5CA65 /* PirateTreasurer2.jpeg */ = {isa = PBXFileReference; lastKnownFileType = image.jpeg; path = PirateTreasurer2.jpeg; sourceTree = "<group>"; };
		EDCD043E18FEC35700F5CA65 /* PirateWeapons.jpeg */ = {isa = PBXFileReference; lastKnownFileType = image.jpeg; path = PirateWeapons.jpeg; sourceTree = "<group>"; };
		EDCD044C18FECF4200F5CA65 /* start-background.png */ = {isa = PBXFileReference; lastKnownFileType = image.png; path = "start-background.png"; sourceTree = "<group>"; };
/* End PBXFileReference section */

/* Begin PBXFrameworksBuildPhase section */
		EDCD03E918FDF4C700F5CA65 /* Frameworks */ = {
			isa = PBXFrameworksBuildPhase;
			buildActionMask = 2147483647;
			files = (
				EDCD03F218FDF4C700F5CA65 /* CoreGraphics.framework in Frameworks */,
				EDCD03F418FDF4C700F5CA65 /* UIKit.framework in Frameworks */,
				EDCD03F018FDF4C700F5CA65 /* Foundation.framework in Frameworks */,
			);
			runOnlyForDeploymentPostprocessing = 0;
		};
		EDCD040A18FDF4C700F5CA65 /* Frameworks */ = {
			isa = PBXFrameworksBuildPhase;
			buildActionMask = 2147483647;
			files = (
				EDCD040F18FDF4C700F5CA65 /* XCTest.framework in Frameworks */,
				EDCD041118FDF4C700F5CA65 /* UIKit.framework in Frameworks */,
				EDCD041018FDF4C700F5CA65 /* Foundation.framework in Frameworks */,
			);
			runOnlyForDeploymentPostprocessing = 0;
		};
/* End PBXFrameworksBuildPhase section */

/* Begin PBXGroup section */
		EDCD03E318FDF4C700F5CA65 = {
			isa = PBXGroup;
			children = (
				EDCD03F518FDF4C700F5CA65 /* My Pirate Adventure */,
				EDCD041418FDF4C700F5CA65 /* My Pirate AdventureTests */,
				EDCD03EE18FDF4C700F5CA65 /* Frameworks */,
				EDCD03ED18FDF4C700F5CA65 /* Products */,
			);
			sourceTree = "<group>";
		};
		EDCD03ED18FDF4C700F5CA65 /* Products */ = {
			isa = PBXGroup;
			children = (
				EDCD03EC18FDF4C700F5CA65 /* My Pirate Adventure.app */,
				EDCD040D18FDF4C700F5CA65 /* My Pirate AdventureTests.xctest */,
			);
			name = Products;
			sourceTree = "<group>";
		};
		EDCD03EE18FDF4C700F5CA65 /* Frameworks */ = {
			isa = PBXGroup;
			children = (
				EDCD03EF18FDF4C700F5CA65 /* Foundation.framework */,
				EDCD03F118FDF4C700F5CA65 /* CoreGraphics.framework */,
				EDCD03F318FDF4C700F5CA65 /* UIKit.framework */,
				EDCD040E18FDF4C700F5CA65 /* XCTest.framework */,
			);
			name = Frameworks;
			sourceTree = "<group>";
		};
		EDCD03F518FDF4C700F5CA65 /* My Pirate Adventure */ = {
			isa = PBXGroup;
			children = (
				EDCD044B18FEC35F00F5CA65 /* images */,
				EDCD03FE18FDF4C700F5CA65 /* DF_AppDelegate.h */,
				EDCD03FF18FDF4C700F5CA65 /* DF_AppDelegate.m */,
				EDCD040118FDF4C700F5CA65 /* Main.storyboard */,
				EDCD040418FDF4C700F5CA65 /* DF_ViewController.h */,
				EDCD040518FDF4C700F5CA65 /* DF_ViewController.m */,
				EDCD040718FDF4C700F5CA65 /* Images.xcassets */,
				EDCD03F618FDF4C700F5CA65 /* Supporting Files */,
				EDCD042418FDF60300F5CA65 /* DF_Tile.h */,
				EDCD042518FDF60300F5CA65 /* DF_Tile.m */,
				EDCD042718FDFA1300F5CA65 /* DF_TheFactory.h */,
				EDCD042818FDFA1300F5CA65 /* DF_TheFactory.m */,
				EDCD042A18FEBBAB00F5CA65 /* DF_Character.h */,
				EDCD042B18FEBBAB00F5CA65 /* DF_Character.m */,
				EDCD042D18FEBC5800F5CA65 /* DF_Weapon.h */,
				EDCD042E18FEBC5800F5CA65 /* DF_Weapon.m */,
				EDCD043018FEBCDE00F5CA65 /* DF_Armor.h */,
				EDCD043118FEBCDE00F5CA65 /* DF_Armor.m */,
			);
			path = "My Pirate Adventure";
			sourceTree = "<group>";
		};
		EDCD03F618FDF4C700F5CA65 /* Supporting Files */ = {
			isa = PBXGroup;
			children = (
				EDCD03F718FDF4C700F5CA65 /* My Pirate Adventure-Info.plist */,
				EDCD03F818FDF4C700F5CA65 /* InfoPlist.strings */,
				EDCD03FB18FDF4C700F5CA65 /* main.m */,
				EDCD03FD18FDF4C700F5CA65 /* My Pirate Adventure-Prefix.pch */,
			);
			name = "Supporting Files";
			sourceTree = "<group>";
		};
		EDCD041418FDF4C700F5CA65 /* My Pirate AdventureTests */ = {
			isa = PBXGroup;
			children = (
				EDCD041A18FDF4C700F5CA65 /* My_Pirate_AdventureTests.m */,
				EDCD041518FDF4C700F5CA65 /* Supporting Files */,
			);
			path = "My Pirate AdventureTests";
			sourceTree = "<group>";
		};
		EDCD041518FDF4C700F5CA65 /* Supporting Files */ = {
			isa = PBXGroup;
			children = (
				EDCD041618FDF4C700F5CA65 /* My Pirate AdventureTests-Info.plist */,
				EDCD041718FDF4C700F5CA65 /* InfoPlist.strings */,
			);
			name = "Supporting Files";
			sourceTree = "<group>";
		};
		EDCD044B18FEC35F00F5CA65 /* images */ = {
			isa = PBXGroup;
			children = (
				EDCD044C18FECF4200F5CA65 /* start-background.png */,
				EDCD043318FEC35700F5CA65 /* PirateAttack.jpg */,
				EDCD043418FEC35700F5CA65 /* PirateBlacksmith.jpeg */,
				EDCD043518FEC35700F5CA65 /* PirateBoss.jpeg */,
				EDCD043618FEC35700F5CA65 /* PirateFriendlyDock.jpg */,
				EDCD043718FEC35700F5CA65 /* PirateOctopusAttack.jpg */,
				EDCD043818FEC35700F5CA65 /* PirateParrot.jpg */,
				EDCD043918FEC35700F5CA65 /* PiratePlank.jpg */,
				EDCD043A18FEC35700F5CA65 /* PirateShipBattle.jpeg */,
				EDCD043B18FEC35700F5CA65 /* PirateStart.jpg */,
				EDCD043C18FEC35700F5CA65 /* PirateTreasure.jpeg */,
				EDCD043D18FEC35700F5CA65 /* PirateTreasurer2.jpeg */,
				EDCD043E18FEC35700F5CA65 /* PirateWeapons.jpeg */,
			);
			name = images;
			sourceTree = "<group>";
		};
/* End PBXGroup section */

/* Begin PBXNativeTarget section */
		EDCD03EB18FDF4C700F5CA65 /* My Pirate Adventure */ = {
			isa = PBXNativeTarget;
			buildConfigurationList = EDCD041E18FDF4C700F5CA65 /* Build configuration list for PBXNativeTarget "My Pirate Adventure" */;
			buildPhases = (
				EDCD03E818FDF4C700F5CA65 /* Sources */,
				EDCD03E918FDF4C700F5CA65 /* Frameworks */,
				EDCD03EA18FDF4C700F5CA65 /* Resources */,
			);
			buildRules = (
			);
			dependencies = (
			);
			name = "My Pirate Adventure";
			productName = "My Pirate Adventure";
			productReference = EDCD03EC18FDF4C700F5CA65 /* My Pirate Adventure.app */;
			productType = "com.apple.product-type.application";
		};
		EDCD040C18FDF4C700F5CA65 /* My Pirate AdventureTests */ = {
			isa = PBXNativeTarget;
			buildConfigurationList = EDCD042118FDF4C700F5CA65 /* Build configuration list for PBXNativeTarget "My Pirate AdventureTests" */;
			buildPhases = (
				EDCD040918FDF4C700F5CA65 /* Sources */,
				EDCD040A18FDF4C700F5CA65 /* Frameworks */,
				EDCD040B18FDF4C700F5CA65 /* Resources */,
			);
			buildRules = (
			);
			dependencies = (
				EDCD041318FDF4C700F5CA65 /* PBXTargetDependency */,
			);
			name = "My Pirate AdventureTests";
			productName = "My Pirate AdventureTests";
			productReference = EDCD040D18FDF4C700F5CA65 /* My Pirate AdventureTests.xctest */;
			productType = "com.apple.product-type.bundle.unit-test";
		};
/* End PBXNativeTarget section */

/* Begin PBXProject section */
		EDCD03E418FDF4C700F5CA65 /* Project object */ = {
			isa = PBXProject;
			attributes = {
				CLASSPREFIX = DF_;
				LastUpgradeCheck = 0510;
				ORGANIZATIONNAME = "David Fry";
				TargetAttributes = {
					EDCD040C18FDF4C700F5CA65 = {
						TestTargetID = EDCD03EB18FDF4C700F5CA65;
					};
				};
			};
			buildConfigurationList = EDCD03E718FDF4C700F5CA65 /* Build configuration list for PBXProject "My Pirate Adventure" */;
			compatibilityVersion = "Xcode 3.2";
			developmentRegion = English;
			hasScannedForEncodings = 0;
			knownRegions = (
				en,
				Base,
			);
			mainGroup = EDCD03E318FDF4C700F5CA65;
			productRefGroup = EDCD03ED18FDF4C700F5CA65 /* Products */;
			projectDirPath = "";
			projectRoot = "";
			targets = (
				EDCD03EB18FDF4C700F5CA65 /* My Pirate Adventure */,
				EDCD040C18FDF4C700F5CA65 /* My Pirate AdventureTests */,
			);
		};
/* End PBXProject section */

/* Begin PBXResourcesBuildPhase section */
		EDCD03EA18FDF4C700F5CA65 /* Resources */ = {
			isa = PBXResourcesBuildPhase;
			buildActionMask = 2147483647;
			files = (
				EDCD044318FEC35700F5CA65 /* PirateOctopusAttack.jpg in Resources */,
				EDCD044A18FEC35700F5CA65 /* PirateWeapons.jpeg in Resources */,
				EDCD044D18FECF4200F5CA65 /* start-background.png in Resources */,
				EDCD044518FEC35700F5CA65 /* PiratePlank.jpg in Resources */,
				EDCD044818FEC35700F5CA65 /* PirateTreasure.jpeg in Resources */,
				EDCD044218FEC35700F5CA65 /* PirateFriendlyDock.jpg in Resources */,
				EDCD043F18FEC35700F5CA65 /* PirateAttack.jpg in Resources */,
				EDCD040818FDF4C700F5CA65 /* Images.xcassets in Resources */,
				EDCD03FA18FDF4C700F5CA65 /* InfoPlist.strings in Resources */,
				EDCD040318FDF4C700F5CA65 /* Main.storyboard in Resources */,
				EDCD044618FEC35700F5CA65 /* PirateShipBattle.jpeg in Resources */,
				EDCD044918FEC35700F5CA65 /* PirateTreasurer2.jpeg in Resources */,
				EDCD044018FEC35700F5CA65 /* PirateBlacksmith.jpeg in Resources */,
				EDCD044718FEC35700F5CA65 /* PirateStart.jpg in Resources */,
				EDCD044118FEC35700F5CA65 /* PirateBoss.jpeg in Resources */,
				EDCD044418FEC35700F5CA65 /* PirateParrot.jpg in Resources */,
			);
			runOnlyForDeploymentPostprocessing = 0;
		};
		EDCD040B18FDF4C700F5CA65 /* Resources */ = {
			isa = PBXResourcesBuildPhase;
			buildActionMask = 2147483647;
			files = (
				EDCD041918FDF4C700F5CA65 /* InfoPlist.strings in Resources */,
			);
			runOnlyForDeploymentPostprocessing = 0;
		};
/* End PBXResourcesBuildPhase section */

/* Begin PBXSourcesBuildPhase section */
		EDCD03E818FDF4C700F5CA65 /* Sources */ = {
			isa = PBXSourcesBuildPhase;
			buildActionMask = 2147483647;
			files = (
				EDCD042918FDFA1300F5CA65 /* DF_TheFactory.m in Sources */,
				EDCD042C18FEBBAB00F5CA65 /* DF_Character.m in Sources */,
				EDCD040618FDF4C700F5CA65 /* DF_ViewController.m in Sources */,
				EDCD040018FDF4C700F5CA65 /* DF_AppDelegate.m in Sources */,
				EDCD03FC18FDF4C700F5CA65 /* main.m in Sources */,
				EDCD042618FDF60300F5CA65 /* DF_Tile.m in Sources */,
				EDCD042F18FEBC5800F5CA65 /* DF_Weapon.m in Sources */,
				EDCD043218FEBCDE00F5CA65 /* DF_Armor.m in Sources */,
			);
			runOnlyForDeploymentPostprocessing = 0;
		};
		EDCD040918FDF4C700F5CA65 /* Sources */ = {
			isa = PBXSourcesBuildPhase;
			buildActionMask = 2147483647;
			files = (
				EDCD041B18FDF4C700F5CA65 /* My_Pirate_AdventureTests.m in Sources */,
			);
			runOnlyForDeploymentPostprocessing = 0;
		};
/* End PBXSourcesBuildPhase section */

/* Begin PBXTargetDependency section */
		EDCD041318FDF4C700F5CA65 /* PBXTargetDependency */ = {
			isa = PBXTargetDependency;
			target = EDCD03EB18FDF4C700F5CA65 /* My Pirate Adventure */;
			targetProxy = EDCD041218FDF4C700F5CA65 /* PBXContainerItemProxy */;
		};
/* End PBXTargetDependency section */

/* Begin PBXVariantGroup section */
		EDCD03F818FDF4C700F5CA65 /* InfoPlist.strings */ = {
			isa = PBXVariantGroup;
			children = (
				EDCD03F918FDF4C700F5CA65 /* en */,
			);
			name = InfoPlist.strings;
			sourceTree = "<group>";
		};
		EDCD040118FDF4C700F5CA65 /* Main.storyboard */ = {
			isa = PBXVariantGroup;
			children = (
				EDCD040218FDF4C700F5CA65 /* Base */,
			);
			name = Main.storyboard;
			sourceTree = "<group>";
		};
		EDCD041718FDF4C700F5CA65 /* InfoPlist.strings */ = {
			isa = PBXVariantGroup;
			children = (
				EDCD041818FDF4C700F5CA65 /* en */,
			);
			name = InfoPlist.strings;
			sourceTree = "<group>";
		};
/* End PBXVariantGroup section */

/* Begin XCBuildConfiguration section */
		EDCD041C18FDF4C700F5CA65 /* Debug */ = {
			isa = XCBuildConfiguration;
			buildSettings = {
				ALWAYS_SEARCH_USER_PATHS = NO;
				CLANG_CXX_LANGUAGE_STANDARD = "gnu++0x";
				CLANG_CXX_LIBRARY = "libc++";
				CLANG_ENABLE_MODULES = YES;
				CLANG_ENABLE_OBJC_ARC = YES;
				CLANG_WARN_BOOL_CONVERSION = YES;
				CLANG_WARN_CONSTANT_CONVERSION = YES;
				CLANG_WARN_DIRECT_OBJC_ISA_USAGE = YES_ERROR;
				CLANG_WARN_EMPTY_BODY = YES;
				CLANG_WARN_ENUM_CONVERSION = YES;
				CLANG_WARN_INT_CONVERSION = YES;
				CLANG_WARN_OBJC_ROOT_CLASS = YES_ERROR;
				CLANG_WARN__DUPLICATE_METHOD_MATCH = YES;
				"CODE_SIGN_IDENTITY[sdk=iphoneos*]" = "iPhone Developer";
				COPY_PHASE_STRIP = NO;
				GCC_C_LANGUAGE_STANDARD = gnu99;
				GCC_DYNAMIC_NO_PIC = NO;
				GCC_OPTIMIZATION_LEVEL = 0;
				GCC_PREPROCESSOR_DEFINITIONS = (
					"DEBUG=1",
					"$(inherited)",
				);
				GCC_SYMBOLS_PRIVATE_EXTERN = NO;
				GCC_WARN_64_TO_32_BIT_CONVERSION = YES;
				GCC_WARN_ABOUT_RETURN_TYPE = YES_ERROR;
				GCC_WARN_UNDECLARED_SELECTOR = YES;
				GCC_WARN_UNINITIALIZED_AUTOS = YES_AGGRESSIVE;
				GCC_WARN_UNUSED_FUNCTION = YES;
				GCC_WARN_UNUSED_VARIABLE = YES;
				IPHONEOS_DEPLOYMENT_TARGET = 7.1;
				ONLY_ACTIVE_ARCH = YES;
				SDKROOT = iphoneos;
			};
			name = Debug;
		};
		EDCD041D18FDF4C700F5CA65 /* Release */ = {
			isa = XCBuildConfiguration;
			buildSettings = {
				ALWAYS_SEARCH_USER_PATHS = NO;
				CLANG_CXX_LANGUAGE_STANDARD = "gnu++0x";
				CLANG_CXX_LIBRARY = "libc++";
				CLANG_ENABLE_MODULES = YES;
				CLANG_ENABLE_OBJC_ARC = YES;
				CLANG_WARN_BOOL_CONVERSION = YES;
				CLANG_WARN_CONSTANT_CONVERSION = YES;
				CLANG_WARN_DIRECT_OBJC_ISA_USAGE = YES_ERROR;
				CLANG_WARN_EMPTY_BODY = YES;
				CLANG_WARN_ENUM_CONVERSION = YES;
				CLANG_WARN_INT_CONVERSION = YES;
				CLANG_WARN_OBJC_ROOT_CLASS = YES_ERROR;
				CLANG_WARN__DUPLICATE_METHOD_MATCH = YES;
				"CODE_SIGN_IDENTITY[sdk=iphoneos*]" = "iPhone Developer";
				COPY_PHASE_STRIP = YES;
				ENABLE_NS_ASSERTIONS = NO;
				GCC_C_LANGUAGE_STANDARD = gnu99;
				GCC_WARN_64_TO_32_BIT_CONVERSION = YES;
				GCC_WARN_ABOUT_RETURN_TYPE = YES_ERROR;
				GCC_WARN_UNDECLARED_SELECTOR = YES;
				GCC_WARN_UNINITIALIZED_AUTOS = YES_AGGRESSIVE;
				GCC_WARN_UNUSED_FUNCTION = YES;
				GCC_WARN_UNUSED_VARIABLE = YES;
				IPHONEOS_DEPLOYMENT_TARGET = 7.1;
				SDKROOT = iphoneos;
				VALIDATE_PRODUCT = YES;
			};
			name = Release;
		};
		EDCD041F18FDF4C700F5CA65 /* Debug */ = {
			isa = XCBuildConfiguration;
			buildSettings = {
				ASSETCATALOG_COMPILER_APPICON_NAME = AppIcon;
				ASSETCATALOG_COMPILER_LAUNCHIMAGE_NAME = LaunchImage;
				GCC_PRECOMPILE_PREFIX_HEADER = YES;
				GCC_PREFIX_HEADER = "My Pirate Adventure/My Pirate Adventure-Prefix.pch";
				INFOPLIST_FILE = "My Pirate Adventure/My Pirate Adventure-Info.plist";
				PRODUCT_NAME = "$(TARGET_NAME)";
				WRAPPER_EXTENSION = app;
			};
			name = Debug;
		};
		EDCD042018FDF4C700F5CA65 /* Release */ = {
			isa = XCBuildConfiguration;
			buildSettings = {
				ASSETCATALOG_COMPILER_APPICON_NAME = AppIcon;
				ASSETCATALOG_COMPILER_LAUNCHIMAGE_NAME = LaunchImage;
				GCC_PRECOMPILE_PREFIX_HEADER = YES;
				GCC_PREFIX_HEADER = "My Pirate Adventure/My Pirate Adventure-Prefix.pch";
				INFOPLIST_FILE = "My Pirate Adventure/My Pirate Adventure-Info.plist";
				PRODUCT_NAME = "$(TARGET_NAME)";
				WRAPPER_EXTENSION = app;
			};
			name = Release;
		};
		EDCD042218FDF4C700F5CA65 /* Debug */ = {
			isa = XCBuildConfiguration;
			buildSettings = {
				BUNDLE_LOADER = "$(BUILT_PRODUCTS_DIR)/My Pirate Adventure.app/My Pirate Adventure";
				FRAMEWORK_SEARCH_PATHS = (
					"$(SDKROOT)/Developer/Library/Frameworks",
					"$(inherited)",
					"$(DEVELOPER_FRAMEWORKS_DIR)",
				);
				GCC_PRECOMPILE_PREFIX_HEADER = YES;
				GCC_PREFIX_HEADER = "My Pirate Adventure/My Pirate Adventure-Prefix.pch";
				GCC_PREPROCESSOR_DEFINITIONS = (
					"DEBUG=1",
					"$(inherited)",
				);
				INFOPLIST_FILE = "My Pirate AdventureTests/My Pirate AdventureTests-Info.plist";
				PRODUCT_NAME = "$(TARGET_NAME)";
				TEST_HOST = "$(BUNDLE_LOADER)";
				WRAPPER_EXTENSION = xctest;
			};
			name = Debug;
		};
		EDCD042318FDF4C700F5CA65 /* Release */ = {
			isa = XCBuildConfiguration;
			buildSettings = {
				BUNDLE_LOADER = "$(BUILT_PRODUCTS_DIR)/My Pirate Adventure.app/My Pirate Adventure";
				FRAMEWORK_SEARCH_PATHS = (
					"$(SDKROOT)/Developer/Library/Frameworks",
					"$(inherited)",
					"$(DEVELOPER_FRAMEWORKS_DIR)",
				);
				GCC_PRECOMPILE_PREFIX_HEADER = YES;
				GCC_PREFIX_HEADER = "My Pirate Adventure/My Pirate Adventure-Prefix.pch";
				INFOPLIST_FILE = "My Pirate AdventureTests/My Pirate AdventureTests-Info.plist";
				PRODUCT_NAME = "$(TARGET_NAME)";
				TEST_HOST = "$(BUNDLE_LOADER)";
				WRAPPER_EXTENSION = xctest;
			};
			name = Release;
		};
/* End XCBuildConfiguration section */

/* Begin XCConfigurationList section */
		EDCD03E718FDF4C700F5CA65 /* Build configuration list for PBXProject "My Pirate Adventure" */ = {
			isa = XCConfigurationList;
			buildConfigurations = (
				EDCD041C18FDF4C700F5CA65 /* Debug */,
				EDCD041D18FDF4C700F5CA65 /* Release */,
			);
			defaultConfigurationIsVisible = 0;
			defaultConfigurationName = Release;
		};
		EDCD041E18FDF4C700F5CA65 /* Build configuration list for PBXNativeTarget "My Pirate Adventure" */ = {
			isa = XCConfigurationList;
			buildConfigurations = (
				EDCD041F18FDF4C700F5CA65 /* Debug */,
				EDCD042018FDF4C700F5CA65 /* Release */,
			);
			defaultConfigurationIsVisible = 0;
		};
		EDCD042118FDF4C700F5CA65 /* Build configuration list for PBXNativeTarget "My Pirate AdventureTests" */ = {
			isa = XCConfigurationList;
			buildConfigurations = (
				EDCD042218FDF4C700F5CA65 /* Debug */,
				EDCD042318FDF4C700F5CA65 /* Release */,
			);
			defaultConfigurationIsVisible = 0;
		};
/* End XCConfigurationList section */
	};
	rootObject = EDCD03E418FDF4C700F5CA65 /* Project object */;
}
